<?xml version="1.0" encoding="utf-8"?>
<Project ToolsVersion="4.0" xmlns="http://schemas.microsoft.com/developer/msbuild/2003">
  <ItemGroup>
    <Filter Include="Source Files">
      <UniqueIdentifier>{8A1D2223-2E1A-4B35-A7F4-6FB5529538E1}</UniqueIdentifier>
    </Filter>
    <Filter Include="Header Files">
      <UniqueIdentifier>{B6552DB3-98A9-4B40-ABFA-3B7B827B0E62}</UniqueIdentifier>
    </Filter>
  </ItemGroup>
  <ItemGroup>
    <ClCompile Include="dllmain.cpp">
      <Filter>Source Files</Filter>
    </ClCompile>
    <ClCompile Include="dxgi_hook.cpp">
      <Filter>Source Files</Filter>
    </ClCompile>
    <ClCompile Include="overlay.cpp">
      <Filter>Source Files</Filter>
    </ClCompile>
    <ClCompile Include="logging.cpp">
      <Filter>Source Files</Filter>
    </ClCompile>
    <ClCompile Include="hook.cpp">
      <Filter>Source Files</Filter>
    </ClCompile>
    <ClCompile Include="iat_hook.cpp">
      <Filter>Source Files</Filter>
    </ClCompile>
    <ClCompile Include="depth_heatmap.cpp">
      <Filter>Source Files</Filter>
    </ClCompile>
    <ClCompile Include="depth_shadow.cpp">
      <Filter>Source Files</Filter>
    </ClCompile>
    <ClCompile Include="gta5_depth_hook.cpp">
      <Filter>Source Files</Filter>
    </ClCompile>
    <ClCompile Include="render_target_scanner.cpp">
      <Filter>Source Files</Filter>
    </ClCompile>
    <ClCompile Include="water_mask.cpp">
      <Filter>Source Files</Filter>
    </ClCompile>
    <ClCompile Include="water_mask_overlay.cpp">
      <Filter>Source Files</Filter>
    </ClCompile>
    <ClCompile Include="gbuffer_export.cpp">
      <Filter>Source Files</Filter>
    </ClCompile>
  </ItemGroup>
  <ItemGroup>
    <ClInclude Include="d3d11_hooks.h">
      <Filter>Header Files</Filter>
    </ClInclude>
    <ClInclude Include="overlay.h">
      <Filter>Header Files</Filter>
    </ClInclude>
    <ClInclude Include="logging.h">
      <Filter>Header Files</Filter>
    </ClInclude>
    <ClInclude Include="hook.h">
      <Filter>Header Files</Filter>
    </ClInclude>
    <ClInclude Include="iat_hook.h">
      <Filter>Header Files</Filter>
    </ClInclude>
    <ClInclude Include="depth_heatmap.h">
      <Filter>Header Files</Filter>
    </ClInclude>
    <ClInclude Include="depth_shadow.h">
      <Filter>Header Files</Filter>
    </ClInclude>
    <ClInclude Include="gta5_depth_hook.h">
      <Filter>Header Files</Filter>
    </ClInclude>
    <ClInclude Include="minhook.h" />
    <ClInclude Include="render_target_scanner.h">
      <Filter>Header Files</Filter>
    </ClInclude>
    <ClInclude Include="water_mask.h">
      <Filter>Header Files</Filter>
    </ClInclude>
    <ClInclude Include="water_mask_overlay.h">
      <Filter>Header Files</Filter>
    </ClInclude>
    <ClInclude Include="gbuffer_export.h">
      <Filter>Header Files</Filter>
    </ClInclude>
    <ClInclude Include="pulsev_log_once.h">
      <Filter>Header Files</Filter>
    </ClInclude>
  </ItemGroup>
</Project>